
Microsoft Visual Studio Solution File, Format Version 12.00
Project("{FAE04EC0-301F-11D3-BF4B-00C04F79EFBC}") = "FakeSpoon.Wikipedia.Mirror.Application", "src/FakeSpoon.Wikipedia.Mirror.Application\FakeSpoon.Wikipedia.Mirror.Application.csproj", "{5A665E56-C08D-4EFA-A4FD-93073250422E}"
EndProject
Project("{FAE04EC0-301F-11D3-BF4B-00C04F79EFBC}") = "FakeSpoon.Wikipedia.Mirror.Domain", "src/FakeSpoon.Wikipedia.Mirror.Domain\FakeSpoon.Wikipedia.Mirror.Domain.csproj", "{DD5033A5-FA1D-4EC4-AAE2-F706AA3E074A}"
EndProject
Project("{FAE04EC0-301F-11D3-BF4B-00C04F79EFBC}") = "FakeSpoon.Wikipedia.Mirror.Infrastructure", "src/FakeSpoon.Wikipedia.Mirror.Infrastructure\FakeSpoon.Wikipedia.Mirror.Infrastructure.csproj", "{5D562876-C913-4258-94D8-713BFB4FC108}"
EndProject
Project("{2150E333-8FDC-42A3-9474-1A3956D46DE8}") = "Src", "Src", "{5F529DF4-E894-448D-B945-7CF6B83CFA6D}"
EndProject
Project("{2150E333-8FDC-42A3-9474-1A3956D46DE8}") = "Tests", "Tests", "{CE286405-26CB-4E83-B516-8FA19D40D529}"
EndProject
Project("{FAE04EC0-301F-11D3-BF4B-00C04F79EFBC}") = "FakeSpoon.Wikipedia.Mirror.Web", "src/FakeSpoon.Wikipedia.Mirror.Web\FakeSpoon.Wikipedia.Mirror.Web.csproj", "{778CC9D2-7560-4DDC-8EAA-A123B75D6205}"
EndProject
Project("{FAE04EC0-301F-11D3-BF4B-00C04F79EFBC}") = "FakeSpoon.Wikipedia.Mirror.Infrastructure.Tests", "tests\FakeSpoon.Wikipedia.Mirror.Infrastructure.Tests\FakeSpoon.Wikipedia.Mirror.Infrastructure.Tests.csproj", "{4791434B-6F4D-4CBB-9B68-5001FEDC6522}"
EndProject
Project("{FAE04EC0-301F-11D3-BF4B-00C04F79EFBC}") = "FakeSpoon.Lib.Cqe", "src\FakeSpoon.Lib.Cqe\FakeSpoon.Lib.Cqe.csproj", "{C830416A-5E55-45AA-BED8-BBABF93D463E}"
EndProject
Project("{FAE04EC0-301F-11D3-BF4B-00C04F79EFBC}") = "FakeSpoon.Lib.NostrClient", "src\FakeSpoon.Lib.NostrClient\FakeSpoon.Lib.NostrClient.csproj", "{449266BC-F5D4-4B5B-98A2-E2C7F76D0949}"
EndProject
Project("{FAE04EC0-301F-11D3-BF4B-00C04F79EFBC}") = "FakeSpoon.Wikipedia.Mirror.Domain.Tests", "tests\FakeSpoon.Wikipedia.Mirror.Domain.Tests\FakeSpoon.Wikipedia.Mirror.Domain.Tests.csproj", "{9C30D275-EA69-42FA-B375-49A0C5EAA1EF}"
EndProject
Global
	GlobalSection(SolutionConfigurationPlatforms) = preSolution
		Debug|Any CPU = Debug|Any CPU
		Release|Any CPU = Release|Any CPU
	EndGlobalSection
	GlobalSection(ProjectConfigurationPlatforms) = postSolution
		{5A665E56-C08D-4EFA-A4FD-93073250422E}.Debug|Any CPU.ActiveCfg = Debug|Any CPU
		{5A665E56-C08D-4EFA-A4FD-93073250422E}.Debug|Any CPU.Build.0 = Debug|Any CPU
		{5A665E56-C08D-4EFA-A4FD-93073250422E}.Release|Any CPU.ActiveCfg = Release|Any CPU
		{5A665E56-C08D-4EFA-A4FD-93073250422E}.Release|Any CPU.Build.0 = Release|Any CPU
		{DD5033A5-FA1D-4EC4-AAE2-F706AA3E074A}.Debug|Any CPU.ActiveCfg = Debug|Any CPU
		{DD5033A5-FA1D-4EC4-AAE2-F706AA3E074A}.Debug|Any CPU.Build.0 = Debug|Any CPU
		{DD5033A5-FA1D-4EC4-AAE2-F706AA3E074A}.Release|Any CPU.ActiveCfg = Release|Any CPU
		{DD5033A5-FA1D-4EC4-AAE2-F706AA3E074A}.Release|Any CPU.Build.0 = Release|Any CPU
		{5D562876-C913-4258-94D8-713BFB4FC108}.Debug|Any CPU.ActiveCfg = Debug|Any CPU
		{5D562876-C913-4258-94D8-713BFB4FC108}.Debug|Any CPU.Build.0 = Debug|Any CPU
		{5D562876-C913-4258-94D8-713BFB4FC108}.Release|Any CPU.ActiveCfg = Release|Any CPU
		{5D562876-C913-4258-94D8-713BFB4FC108}.Release|Any CPU.Build.0 = Release|Any CPU
		{778CC9D2-7560-4DDC-8EAA-A123B75D6205}.Debug|Any CPU.ActiveCfg = Debug|Any CPU
		{778CC9D2-7560-4DDC-8EAA-A123B75D6205}.Debug|Any CPU.Build.0 = Debug|Any CPU
		{778CC9D2-7560-4DDC-8EAA-A123B75D6205}.Release|Any CPU.ActiveCfg = Release|Any CPU
		{778CC9D2-7560-4DDC-8EAA-A123B75D6205}.Release|Any CPU.Build.0 = Release|Any CPU
		{4791434B-6F4D-4CBB-9B68-5001FEDC6522}.Debug|Any CPU.ActiveCfg = Debug|Any CPU
		{4791434B-6F4D-4CBB-9B68-5001FEDC6522}.Debug|Any CPU.Build.0 = Debug|Any CPU
		{4791434B-6F4D-4CBB-9B68-5001FEDC6522}.Release|Any CPU.ActiveCfg = Release|Any CPU
		{4791434B-6F4D-4CBB-9B68-5001FEDC6522}.Release|Any CPU.Build.0 = Release|Any CPU
		{C830416A-5E55-45AA-BED8-BBABF93D463E}.Debug|Any CPU.ActiveCfg = Debug|Any CPU
		{C830416A-5E55-45AA-BED8-BBABF93D463E}.Debug|Any CPU.Build.0 = Debug|Any CPU
		{C830416A-5E55-45AA-BED8-BBABF93D463E}.Release|Any CPU.ActiveCfg = Release|Any CPU
		{C830416A-5E55-45AA-BED8-BBABF93D463E}.Release|Any CPU.Build.0 = Release|Any CPU
		{449266BC-F5D4-4B5B-98A2-E2C7F76D0949}.Debug|Any CPU.ActiveCfg = Debug|Any CPU
		{449266BC-F5D4-4B5B-98A2-E2C7F76D0949}.Debug|Any CPU.Build.0 = Debug|Any CPU
		{449266BC-F5D4-4B5B-98A2-E2C7F76D0949}.Release|Any CPU.ActiveCfg = Release|Any CPU
		{449266BC-F5D4-4B5B-98A2-E2C7F76D0949}.Release|Any CPU.Build.0 = Release|Any CPU
		{9C30D275-EA69-42FA-B375-49A0C5EAA1EF}.Debug|Any CPU.ActiveCfg = Debug|Any CPU
		{9C30D275-EA69-42FA-B375-49A0C5EAA1EF}.Debug|Any CPU.Build.0 = Debug|Any CPU
		{9C30D275-EA69-42FA-B375-49A0C5EAA1EF}.Release|Any CPU.ActiveCfg = Release|Any CPU
		{9C30D275-EA69-42FA-B375-49A0C5EAA1EF}.Release|Any CPU.Build.0 = Release|Any CPU
	EndGlobalSection
	GlobalSection(NestedProjects) = preSolution
		{5A665E56-C08D-4EFA-A4FD-93073250422E} = {5F529DF4-E894-448D-B945-7CF6B83CFA6D}
		{DD5033A5-FA1D-4EC4-AAE2-F706AA3E074A} = {5F529DF4-E894-448D-B945-7CF6B83CFA6D}
		{5D562876-C913-4258-94D8-713BFB4FC108} = {5F529DF4-E894-448D-B945-7CF6B83CFA6D}
		{4791434B-6F4D-4CBB-9B68-5001FEDC6522} = {CE286405-26CB-4E83-B516-8FA19D40D529}
		{C830416A-5E55-45AA-BED8-BBABF93D463E} = {5F529DF4-E894-448D-B945-7CF6B83CFA6D}
		{449266BC-F5D4-4B5B-98A2-E2C7F76D0949} = {5F529DF4-E894-448D-B945-7CF6B83CFA6D}
		{9C30D275-EA69-42FA-B375-49A0C5EAA1EF} = {CE286405-26CB-4E83-B516-8FA19D40D529}
	EndGlobalSection
EndGlobal
